// !$*UTF8*$!
{
	archiveVersion = 1;
	classes = {
	};
	objectVersion = 50;
	objects = {

/* Begin PBXBuildFile section */
		DB4FA61023CDB9C30038E572 /* AppDelegate.swift in Sources */ = {isa = PBXBuildFile; fileRef = DB4FA60F23CDB9C30038E572 /* AppDelegate.swift */; };
		DB4FA61223CDB9C30038E572 /* SceneDelegate.swift in Sources */ = {isa = PBXBuildFile; fileRef = DB4FA61123CDB9C30038E572 /* SceneDelegate.swift */; };
		DB4FA61423CDB9C30038E572 /* ViewController.swift in Sources */ = {isa = PBXBuildFile; fileRef = DB4FA61323CDB9C30038E572 /* ViewController.swift */; };
		DB4FA61723CDB9C30038E572 /* Main.storyboard in Resources */ = {isa = PBXBuildFile; fileRef = DB4FA61523CDB9C30038E572 /* Main.storyboard */; };
		DB4FA61923CDB9C70038E572 /* Assets.xcassets in Resources */ = {isa = PBXBuildFile; fileRef = DB4FA61823CDB9C70038E572 /* Assets.xcassets */; };
		DB4FA61C23CDB9C70038E572 /* LaunchScreen.storyboard in Resources */ = {isa = PBXBuildFile; fileRef = DB4FA61A23CDB9C70038E572 /* LaunchScreen.storyboard */; };
		DB4FA62423CDB9D70038E572 /* PulseView.swift in Sources */ = {isa = PBXBuildFile; fileRef = DB4FA62323CDB9D70038E572 /* PulseView.swift */; };
/* End PBXBuildFile section */

/* Begin PBXFileReference section */
		DB4FA60C23CDB9C30038E572 /* PulsatingView.app */ = {isa = PBXFileReference; explicitFileType = wrapper.application; includeInIndex = 0; path = PulsatingView.app; sourceTree = BUILT_PRODUCTS_DIR; };
		DB4FA60F23CDB9C30038E572 /* AppDelegate.swift */ = {isa = PBXFileReference; lastKnownFileType = sourcecode.swift; path = AppDelegate.swift; sourceTree = "<group>"; };
		DB4FA61123CDB9C30038E572 /* SceneDelegate.swift */ = {isa = PBXFileReference; lastKnownFileType = sourcecode.swift; path = SceneDelegate.swift; sourceTree = "<group>"; };
		DB4FA61323CDB9C30038E572 /* ViewController.swift */ = {isa = PBXFileReference; lastKnownFileType = sourcecode.swift; path = ViewController.swift; sourceTree = "<group>"; };
		DB4FA61623CDB9C30038E572 /* Base */ = {isa = PBXFileReference; lastKnownFileType = file.storyboard; name = Base; path = Base.lproj/Main.storyboard; sourceTree = "<group>"; };
		DB4FA61823CDB9C70038E572 /* Assets.xcassets */ = {isa = PBXFileReference; lastKnownFileType = folder.assetcatalog; path = Assets.xcassets; sourceTree = "<group>"; };
		DB4FA61B23CDB9C70038E572 /* Base */ = {isa = PBXFileReference; lastKnownFileType = file.storyboard; name = Base; path = Base.lproj/LaunchScreen.storyboard; sourceTree = "<group>"; };
		DB4FA61D23CDB9C70038E572 /* Info.plist */ = {isa = PBXFileReference; lastKnownFileType = text.plist.xml; path = Info.plist; sourceTree = "<group>"; };
		DB4FA62323CDB9D70038E572 /* PulseView.swift */ = {isa = PBXFileReference; lastKnownFileType = sourcecode.swift; path = PulseView.swift; sourceTree = "<group>"; };
/* End PBXFileReference section */

/* Begin PBXFrameworksBuildPhase section */
		DB4FA60923CDB9C30038E572 /* Frameworks */ = {
			isa = PBXFrameworksBuildPhase;
			buildActionMask = 2147483647;
			files = (
			);
			runOnlyForDeploymentPostprocessing = 0;
		};
/* End PBXFrameworksBuildPhase section */

/* Begin PBXGroup section */
		DB4FA60323CDB9C30038E572 = {
			isa = PBXGroup;
			children = (
				DB4FA60E23CDB9C30038E572 /* PulsatingView */,
				DB4FA60D23CDB9C30038E572 /* Products */,
			);
			sourceTree = "<group>";
		};
		DB4FA60D23CDB9C30038E572 /* Products */ = {
			isa = PBXGroup;
			children = (
				DB4FA60C23CDB9C30038E572 /* PulsatingView.app */,
			);
			name = Products;
			sourceTree = "<group>";
		};
		DB4FA60E23CDB9C30038E572 /* PulsatingView */ = {
			isa = PBXGroup;
			children = (
				DB4FA60F23CDB9C30038E572 /* AppDelegate.swift */,
				DB4FA61123CDB9C30038E572 /* SceneDelegate.swift */,
				DB4FA62323CDB9D70038E572 /* PulseView.swift */,
				DB4FA61323CDB9C30038E572 /* ViewController.swift */,
				DB4FA61523CDB9C30038E572 /* Main.storyboard */,
				DB4FA61823CDB9C70038E572 /* Assets.xcassets */,
				DB4FA61A23CDB9C70038E572 /* LaunchScreen.storyboard */,
				DB4FA61D23CDB9C70038E572 /* Info.plist */,
			);
			path = PulsatingView;
			sourceTree = "<group>";
		};
/* End PBXGroup section */

/* Begin PBXNativeTarget section */
		DB4FA60B23CDB9C30038E572 /* PulsatingView */ = {
			isa = PBXNativeTarget;
			buildConfigurationList = DB4FA62023CDB9C70038E572 /* Build configuration list for PBXNativeTarget "PulsatingView" */;
			buildPhases = (
				DB4FA60823CDB9C30038E572 /* Sources */,
				DB4FA60923CDB9C30038E572 /* Frameworks */,
				DB4FA60A23CDB9C30038E572 /* Resources */,
			);
			buildRules = (
			);
			dependencies = (
			);
			name = PulsatingView;
			productName = PulsatingView;
			productReference = DB4FA60C23CDB9C30038E572 /* PulsatingView.app */;
			productType = "com.apple.product-type.application";
		};
/* End PBXNativeTarget section */

/* Begin PBXProject section */
		DB4FA60423CDB9C30038E572 /* Project object */ = {
			isa = PBXProject;
			attributes = {
				LastSwiftUpdateCheck = 1110;
				LastUpgradeCheck = 1110;
				ORGANIZATIONNAME = "Schaheer Saleem";
				TargetAttributes = {
					DB4FA60B23CDB9C30038E572 = {
						CreatedOnToolsVersion = 11.1;
					};
				};
			};
			buildConfigurationList = DB4FA60723CDB9C30038E572 /* Build configuration list for PBXProject "PulsatingView" */;
			compatibilityVersion = "Xcode 9.3";
			developmentRegion = en;
			hasScannedForEncodings = 0;
			knownRegions = (
				en,
				Base,
			);
			mainGroup = DB4FA60323CDB9C30038E572;
			productRefGroup = DB4FA60D23CDB9C30038E572 /* Products */;
			projectDirPath = "";
			projectRoot = "";
			targets = (
				DB4FA60B23CDB9C30038E572 /* PulsatingView */,
			);
		};
/* End PBXProject section */

/* Begin PBXResourcesBuildPhase section */
		DB4FA60A23CDB9C30038E572 /* Resources */ = {
			isa = PBXResourcesBuildPhase;
			buildActionMask = 2147483647;
			files = (
				DB4FA61C23CDB9C70038E572 /* LaunchScreen.storyboard in Resources */,
				DB4FA61923CDB9C70038E572 /* Assets.xcassets in Resources */,
				DB4FA61723CDB9C30038E572 /* Main.storyboard in Resources */,
			);
			runOnlyForDeploymentPostprocessing = 0;
		};
/* End PBXResourcesBuildPhase section */

/* Begin PBXSourcesBuildPhase section */
		DB4FA60823CDB9C30038E572 /* Sources */ = {
			isa = PBXSourcesBuildPhase;
			buildActionMask = 2147483647;
			files = (
				DB4FA61423CDB9C30038E572 /* ViewController.swift in Sources */,
				DB4FA61023CDB9C30038E572 /* AppDelegate.swift in Sources */,
				DB4FA62423CDB9D70038E572 /* PulseView.swift in Sources */,
				DB4FA61223CDB9C30038E572 /* SceneDelegate.swift in Sources */,
			);
			runOnlyForDeploymentPostprocessing = 0;
		};
/* End PBXSourcesBuildPhase section */

/* Begin PBXVariantGroup section */
		DB4FA61523CDB9C30038E572 /* Main.storyboard */ = {
			isa = PBXVariantGroup;
			children = (
				DB4FA61623CDB9C30038E572 /* Base */,
			);
			name = Main.storyboard;
			sourceTree = "<group>";
		};
		DB4FA61A23CDB9C70038E572 /* LaunchScreen.storyboard */ = {
			isa = PBXVariantGroup;
			children = (
				DB4FA61B23CDB9C70038E572 /* Base */,
			);
			name = LaunchScreen.storyboard;
			sourceTree = "<group>";
		};
/* End PBXVariantGroup section */

/* Begin XCBuildConfiguration section */
		DB4FA61E23CDB9C70038E572 /* Debug */ = {
			isa = XCBuildConfiguration;
			buildSettings = {
				ALWAYS_SEARCH_USER_PATHS = NO;
				CLANG_ANALYZER_NONNULL = YES;
				CLANG_ANALYZER_NUMBER_OBJECT_CONVERSION = YES_AGGRESSIVE;
				CLANG_CXX_LANGUAGE_STANDARD = "gnu++14";
				CLANG_CXX_LIBRARY = "libc++";
				CLANG_ENABLE_MODULES = YES;
				CLANG_ENABLE_OBJC_ARC = YES;
				CLANG_ENABLE_OBJC_WEAK = YES;
				CLANG_WARN_BLOCK_CAPTURE_AUTORELEASING = YES;
				CLANG_WARN_BOOL_CONVERSION = YES;
				CLANG_WARN_COMMA = YES;
				CLANG_WARN_CONSTANT_CONVERSION = YES;
				CLANG_WARN_DEPRECATED_OBJC_IMPLEMENTATIONS = YES;
				CLANG_WARN_DIRECT_OBJC_ISA_USAGE = YES_ERROR;
				CLANG_WARN_DOCUMENTATION_COMMENTS = YES;
				CLANG_WARN_EMPTY_BODY = YES;
				CLANG_WARN_ENUM_CONVERSION = YES;
				CLANG_WARN_INFINITE_RECURSION = YES;
				CLANG_WARN_INT_CONVERSION = YES;
				CLANG_WARN_NON_LITERAL_NULL_CONVERSION = YES;
				CLANG_WARN_OBJC_IMPLICIT_RETAIN_SELF = YES;
				CLANG_WARN_OBJC_LITERAL_CONVERSION = YES;
				CLANG_WARN_OBJC_ROOT_CLASS = YES_ERROR;
				CLANG_WARN_RANGE_LOOP_ANALYSIS = YES;
				CLANG_WARN_STRICT_PROTOTYPES = YES;
				CLANG_WARN_SUSPICIOUS_MOVE = YES;
				CLANG_WARN_UNGUARDED_AVAILABILITY = YES_AGGRESSIVE;
				CLANG_WARN_UNREACHABLE_CODE = YES;
				CLANG_WARN__DUPLICATE_METHOD_MATCH = YES;
				COPY_PHASE_STRIP = NO;
				DEBUG_INFORMATION_FORMAT = dwarf;
				ENABLE_STRICT_OBJC_MSGSEND = YES;
				ENABLE_TESTABILITY = YES;
				GCC_C_LANGUAGE_STANDARD = gnu11;
				GCC_DYNAMIC_NO_PIC = NO;
				GCC_NO_COMMON_BLOCKS = YES;
				GCC_OPTIMIZATION_LEVEL = 0;
				GCC_PREPROCESSOR_DEFINITIONS = (
					"DEBUG=1",
					"$(inherited)",
				);
				GCC_WARN_64_TO_32_BIT_CONVERSION = YES;
				GCC_WARN_ABOUT_RETURN_TYPE = YES_ERROR;
				GCC_WARN_UNDECLARED_SELECTOR = YES;
				GCC_WARN_UNINITIALIZED_AUTOS = YES_AGGRESSIVE;
				GCC_WARN_UNUSED_FUNCTION = YES;
				GCC_WARN_UNUSED_VARIABLE = YES;
				IPHONEOS_DEPLOYMENT_TARGET = 13.1;
				MTL_ENABLE_DEBUG_INFO = INCLUDE_SOURCE;
				MTL_FAST_MATH = YES;
				ONLY_ACTIVE_ARCH = YES;
				SDKROOT = iphoneos;
				SWIFT_ACTIVE_COMPILATION_CONDITIONS = DEBUG;
				SWIFT_OPTIMIZATION_LEVEL = "-Onone";
			};
			name = Debug;
		};
		DB4FA61F23CDB9C70038E572 /* Release */ = {
			isa = XCBuildConfiguration;
			buildSettings = {
				ALWAYS_SEARCH_USER_PATHS = NO;
				CLANG_ANALYZER_NONNULL = YES;
				CLANG_ANALYZER_NUMBER_OBJECT_CONVERSION = YES_AGGRESSIVE;
				CLANG_CXX_LANGUAGE_STANDARD = "gnu++14";
				CLANG_CXX_LIBRARY = "libc++";
				CLANG_ENABLE_MODULES = YES;
				CLANG_ENABLE_OBJC_ARC = YES;
				CLANG_ENABLE_OBJC_WEAK = YES;
				CLANG_WARN_BLOCK_CAPTURE_AUTORELEASING = YES;
				CLANG_WARN_BOOL_CONVERSION = YES;
				CLANG_WARN_COMMA = YES;
				CLANG_WARN_CONSTANT_CONVERSION = YES;
				CLANG_WARN_DEPRECATED_OBJC_IMPLEMENTATIONS = YES;
				CLANG_WARN_DIRECT_OBJC_ISA_USAGE = YES_ERROR;
				CLANG_WARN_DOCUMENTATION_COMMENTS = YES;
				CLANG_WARN_EMPTY_BODY = YES;
				CLANG_WARN_ENUM_CONVERSION = YES;
				CLANG_WARN_INFINITE_RECURSION = YES;
				CLANG_WARN_INT_CONVERSION = YES;
				CLANG_WARN_NON_LITERAL_NULL_CONVERSION = YES;
				CLANG_WARN_OBJC_IMPLICIT_RETAIN_SELF = YES;
				CLANG_WARN_OBJC_LITERAL_CONVERSION = YES;
				CLANG_WARN_OBJC_ROOT_CLASS = YES_ERROR;
				CLANG_WARN_RANGE_LOOP_ANALYSIS = YES;
				CLANG_WARN_STRICT_PROTOTYPES = YES;
				CLANG_WARN_SUSPICIOUS_MOVE = YES;
				CLANG_WARN_UNGUARDED_AVAILABILITY = YES_AGGRESSIVE;
				CLANG_WARN_UNREACHABLE_CODE = YES;
				CLANG_WARN__DUPLICATE_METHOD_MATCH = YES;
				COPY_PHASE_STRIP = NO;
				DEBUG_INFORMATION_FORMAT = "dwarf-with-dsym";
				ENABLE_NS_ASSERTIONS = NO;
				ENABLE_STRICT_OBJC_MSGSEND = YES;
				GCC_C_LANGUAGE_STANDARD = gnu11;
				GCC_NO_COMMON_BLOCKS = YES;
				GCC_WARN_64_TO_32_BIT_CONVERSION = YES;
				GCC_WARN_ABOUT_RETURN_TYPE = YES_ERROR;
				GCC_WARN_UNDECLARED_SELECTOR = YES;
				GCC_WARN_UNINITIALIZED_AUTOS = YES_AGGRESSIVE;
				GCC_WARN_UNUSED_FUNCTION = YES;
				GCC_WARN_UNUSED_VARIABLE = YES;
				IPHONEOS_DEPLOYMENT_TARGET = 13.1;
				MTL_ENABLE_DEBUG_INFO = NO;
				MTL_FAST_MATH = YES;
				SDKROOT = iphoneos;
				SWIFT_COMPILATION_MODE = wholemodule;
				SWIFT_OPTIMIZATION_LEVEL = "-O";
				VALIDATE_PRODUCT = YES;
			};
			name = Release;
		};
		DB4FA62123CDB9C70038E572 /* Debug */ = {
			isa = XCBuildConfiguration;
			buildSettings = {
				ASSETCATALOG_COMPILER_APPICON_NAME = AppIcon;
				CODE_SIGN_STYLE = Automatic;
				INFOPLIST_FILE = PulsatingView/Info.plist;
				LD_RUNPATH_SEARCH_PATHS = (
					"$(inherited)",
					"@executable_path/Frameworks",
				);
				PRODUCT_BUNDLE_IDENTIFIER = com.SchaheerSaleem.PulsatingView;
				PRODUCT_NAME = "$(TARGET_NAME)";
				SWIFT_VERSION = 5.0;
				TARGETED_DEVICE_FAMILY = "1,2";
			};
			name = Debug;
		};
		DB4FA62223CDB9C70038E572 /* Release */ = {
			isa = XCBuildConfiguration;
			buildSettings = {
				ASSETCATALOG_COMPILER_APPICON_NAME = AppIcon;
				CODE_SIGN_STYLE = Automatic;
				INFOPLIST_FILE = PulsatingView/Info.plist;
				LD_RUNPATH_SEARCH_PATHS = (
					"$(inherited)",
					"@executable_path/Frameworks",
				);
				PRODUCT_BUNDLE_IDENTIFIER = com.SchaheerSaleem.PulsatingView;
				PRODUCT_NAME = "$(TARGET_NAME)";
				SWIFT_VERSION = 5.0;
				TARGETED_DEVICE_FAMILY = "1,2";
			};
			name = Release;
		};
/* End XCBuildConfiguration section */

/* Begin XCConfigurationList section */
		DB4FA60723CDB9C30038E572 /* Build configuration list for PBXProject "PulsatingView" */ = {
			isa = XCConfigurationList;
			buildConfigurations = (
				DB4FA61E23CDB9C70038E572 /* Debug */,
				DB4FA61F23CDB9C70038E572 /* Release */,
			);
			defaultConfigurationIsVisible = 0;
			defaultConfigurationName = Release;
		};
		DB4FA62023CDB9C70038E572 /* Build configuration list for PBXNativeTarget "PulsatingView" */ = {
			isa = XCConfigurationList;
			buildConfigurations = (
				DB4FA62123CDB9C70038E572 /* Debug */,
				DB4FA62223CDB9C70038E572 /* Release */,
			);
			defaultConfigurationIsVisible = 0;
			defaultConfigurationName = Release;
		};
/* End XCConfigurationList section */
	};
	rootObject = DB4FA60423CDB9C30038E572 /* Project object */;
}
